
Microsoft Visual Studio Solution File, Format Version 12.00
# Visual Studio Version 17
VisualStudioVersion = 17.5.33627.172
MinimumVisualStudioVersion = 10.0.40219.1
Project("{9A19103F-16F7-4668-BE54-9A1E7A4F7556}") = "DesafioDevJunior", "DesafioDevJunior.Tarefas\DesafioDevJunior.csproj", "{3589F475-D5B9-4809-9A65-9AC2400F54EE}"
EndProject
Project("{9A19103F-16F7-4668-BE54-9A1E7A4F7556}") = "TestesTarefa1", "TestesTarefa1\TestesTarefa1.csproj", "{D2B6CA90-75C2-4771-92ED-39C66B7CBF19}"
EndProject
Project("{FAE04EC0-301F-11D3-BF4B-00C04F79EFBC}") = "TestesTarefa3", "TestesTarefa3\TestesTarefa3.csproj", "{2A63B970-3F85-425E-B212-1CE3B33C4759}"
EndProject
Global
	GlobalSection(SolutionConfigurationPlatforms) = preSolution
		Debug|Any CPU = Debug|Any CPU
		Release|Any CPU = Release|Any CPU
	EndGlobalSection
	GlobalSection(ProjectConfigurationPlatforms) = postSolution
		{3589F475-D5B9-4809-9A65-9AC2400F54EE}.Debug|Any CPU.ActiveCfg = Debug|Any CPU
		{3589F475-D5B9-4809-9A65-9AC2400F54EE}.Debug|Any CPU.Build.0 = Debug|Any CPU
		{3589F475-D5B9-4809-9A65-9AC2400F54EE}.Release|Any CPU.ActiveCfg = Release|Any CPU
		{3589F475-D5B9-4809-9A65-9AC2400F54EE}.Release|Any CPU.Build.0 = Release|Any CPU
		{D2B6CA90-75C2-4771-92ED-39C66B7CBF19}.Debug|Any CPU.ActiveCfg = Debug|Any CPU
		{D2B6CA90-75C2-4771-92ED-39C66B7CBF19}.Debug|Any CPU.Build.0 = Debug|Any CPU
		{D2B6CA90-75C2-4771-92ED-39C66B7CBF19}.Release|Any CPU.ActiveCfg = Release|Any CPU
		{D2B6CA90-75C2-4771-92ED-39C66B7CBF19}.Release|Any CPU.Build.0 = Release|Any CPU
		{2A63B970-3F85-425E-B212-1CE3B33C4759}.Debug|Any CPU.ActiveCfg = Debug|Any CPU
		{2A63B970-3F85-425E-B212-1CE3B33C4759}.Debug|Any CPU.Build.0 = Debug|Any CPU
		{2A63B970-3F85-425E-B212-1CE3B33C4759}.Release|Any CPU.ActiveCfg = Release|Any CPU
		{2A63B970-3F85-425E-B212-1CE3B33C4759}.Release|Any CPU.Build.0 = Release|Any CPU
	EndGlobalSection
	GlobalSection(SolutionProperties) = preSolution
		HideSolutionNode = FALSE
	EndGlobalSection
	GlobalSection(ExtensibilityGlobals) = postSolution
		SolutionGuid = {9B545DA8-0E6E-4913-AFCE-B6F06E049D56}
	EndGlobalSection
EndGlobal
